<?xml version="1.0" encoding="utf-8"?>
<Project ToolsVersion="4.0" xmlns="http://schemas.microsoft.com/developer/msbuild/2003">
  <ItemGroup>
    <Filter Include="Include">
      <UniqueIdentifier>{93995380-89BD-4b04-88EB-625FBE52EBFB}</UniqueIdentifier>
      <Extensions>h;hh;hpp;hxx;hm;inl;inc;ipp;xsd</Extensions>
    </Filter>
    <Filter Include="Source">
      <UniqueIdentifier>{4FC737F1-C7A5-4376-A066-2A32D752A2FF}</UniqueIdentifier>
      <Extensions>cpp;c;cc;cxx;def;odl;idl;hpj;bat;asm;asmx</Extensions>
    </Filter>
  </ItemGroup>
  <ItemGroup>
    <Text Include="CMakeLists.txt" />
  </ItemGroup>
  <ItemGroup>
    <ClCompile Include="Source\main.cpp">
      <Filter>Source</Filter>
    </ClCompile>
    <ClCompile Include="Source\noise.cpp">
      <Filter>Source</Filter>
    </ClCompile>
    <ClCompile Include="Source\perlin.cpp">
      <Filter>Source</Filter>
    </ClCompile>
    <ClCompile Include="Source\math2d.cpp">
      <Filter>Source</Filter>
    </ClCompile>
    <ClCompile Include="Source\utils.cpp">
      <Filter>Source</Filter>
    </ClCompile>
    <ClCompile Include="Source\math3d.cpp">
      <Filter>Source</Filter>
    </ClCompile>
    <ClCompile Include="Source\spline.cpp">
      <Filter>Source</Filter>
    </ClCompile>
  </ItemGroup>
  <ItemGroup>
    <ClInclude Include="Include\noise.h">
      <Filter>Include</Filter>
    </ClInclude>
    <ClInclude Include="Include\perlin.h">
      <Filter>Include</Filter>
    </ClInclude>
    <ClInclude Include="Include\math2d.h">
      <Filter>Include</Filter>
    </ClInclude>
    <ClInclude Include="Include\utils.h">
      <Filter>Include</Filter>
    </ClInclude>
    <ClInclude Include="Include\math3d.h">
      <Filter>Include</Filter>
    </ClInclude>
    <ClInclude Include="Include\spline.h">
      <Filter>Include</Filter>
    </ClInclude>
    <ClInclude Include="Include\controlfunction.h">
      <Filter>Include</Filter>
    </ClInclude>
    <ClInclude Include="Include\perlincontrolfunction.h">
      <Filter>Include</Filter>
    </ClInclude>
    <ClInclude Include="Include\planecontrolfunction.h">
      <Filter>Include</Filter>
    </ClInclude>
    <ClInclude Include="Include\lichtenbergcontrolfunction.h">
      <Filter>Include</Filter>
    </ClInclude>
  </ItemGroup>
</Project>